// !$*UTF8*$!
{
	archiveVersion = 1;
	classes = {
	};
	objectVersion = 46;
	objects = {

/* Begin PBXBuildFile section */
		1D8CF22398BCCBB1B11DBB9B /* Pods_Sherpany.framework in Frameworks */ = {isa = PBXBuildFile; fileRef = 482ECFCD22E6A0226B7CAB4C /* Pods_Sherpany.framework */; };
		4134258A1D279BCF0048BB35 /* AppDelegate.swift in Sources */ = {isa = PBXBuildFile; fileRef = 413425891D279BCF0048BB35 /* AppDelegate.swift */; };
		4134258D1D279BCF0048BB35 /* Sherpany.xcdatamodeld in Sources */ = {isa = PBXBuildFile; fileRef = 4134258B1D279BCF0048BB35 /* Sherpany.xcdatamodeld */; };
		4134258F1D279BCF0048BB35 /* MasterViewController.swift in Sources */ = {isa = PBXBuildFile; fileRef = 4134258E1D279BCF0048BB35 /* MasterViewController.swift */; };
		413425911D279BCF0048BB35 /* DetailViewController.swift in Sources */ = {isa = PBXBuildFile; fileRef = 413425901D279BCF0048BB35 /* DetailViewController.swift */; };
		413425941D279BCF0048BB35 /* Main.storyboard in Resources */ = {isa = PBXBuildFile; fileRef = 413425921D279BCF0048BB35 /* Main.storyboard */; };
		413425961D279BCF0048BB35 /* Assets.xcassets in Resources */ = {isa = PBXBuildFile; fileRef = 413425951D279BCF0048BB35 /* Assets.xcassets */; };
		413425991D279BCF0048BB35 /* LaunchScreen.storyboard in Resources */ = {isa = PBXBuildFile; fileRef = 413425971D279BCF0048BB35 /* LaunchScreen.storyboard */; };
		413426111D27C03B0048BB35 /* DataController.swift in Sources */ = {isa = PBXBuildFile; fileRef = 413426101D27C03B0048BB35 /* DataController.swift */; };
		413426281D27C5AF0048BB35 /* Post+CoreDataProperties.swift in Sources */ = {isa = PBXBuildFile; fileRef = 413426141D27C5AF0048BB35 /* Post+CoreDataProperties.swift */; };
		413426291D27C5AF0048BB35 /* Post.swift in Sources */ = {isa = PBXBuildFile; fileRef = 413426151D27C5AF0048BB35 /* Post.swift */; };
		4134262A1D27C5AF0048BB35 /* Zip+CoreDataProperties.swift in Sources */ = {isa = PBXBuildFile; fileRef = 413426161D27C5AF0048BB35 /* Zip+CoreDataProperties.swift */; };
		4134262B1D27C5AF0048BB35 /* Zip.swift in Sources */ = {isa = PBXBuildFile; fileRef = 413426171D27C5AF0048BB35 /* Zip.swift */; };
		4134262C1D27C5AF0048BB35 /* Adress+CoreDataProperties.swift in Sources */ = {isa = PBXBuildFile; fileRef = 413426181D27C5AF0048BB35 /* Adress+CoreDataProperties.swift */; };
		4134262D1D27C5AF0048BB35 /* Adress.swift in Sources */ = {isa = PBXBuildFile; fileRef = 413426191D27C5AF0048BB35 /* Adress.swift */; };
		4134262E1D27C5AF0048BB35 /* Website+CoreDataProperties.swift in Sources */ = {isa = PBXBuildFile; fileRef = 4134261A1D27C5AF0048BB35 /* Website+CoreDataProperties.swift */; };
		4134262F1D27C5AF0048BB35 /* Website.swift in Sources */ = {isa = PBXBuildFile; fileRef = 4134261B1D27C5AF0048BB35 /* Website.swift */; };
		413426301D27C5AF0048BB35 /* Photo+CoreDataProperties.swift in Sources */ = {isa = PBXBuildFile; fileRef = 4134261C1D27C5AF0048BB35 /* Photo+CoreDataProperties.swift */; };
		413426311D27C5AF0048BB35 /* Photo.swift in Sources */ = {isa = PBXBuildFile; fileRef = 4134261D1D27C5AF0048BB35 /* Photo.swift */; };
		413426321D27C5AF0048BB35 /* Company+CoreDataProperties.swift in Sources */ = {isa = PBXBuildFile; fileRef = 4134261E1D27C5AF0048BB35 /* Company+CoreDataProperties.swift */; };
		413426331D27C5AF0048BB35 /* Company.swift in Sources */ = {isa = PBXBuildFile; fileRef = 4134261F1D27C5AF0048BB35 /* Company.swift */; };
		413426341D27C5AF0048BB35 /* Album+CoreDataProperties.swift in Sources */ = {isa = PBXBuildFile; fileRef = 413426201D27C5AF0048BB35 /* Album+CoreDataProperties.swift */; };
		413426351D27C5AF0048BB35 /* Album.swift in Sources */ = {isa = PBXBuildFile; fileRef = 413426211D27C5AF0048BB35 /* Album.swift */; };
		413426361D27C5AF0048BB35 /* City+CoreDataProperties.swift in Sources */ = {isa = PBXBuildFile; fileRef = 413426221D27C5AF0048BB35 /* City+CoreDataProperties.swift */; };
		413426371D27C5AF0048BB35 /* City.swift in Sources */ = {isa = PBXBuildFile; fileRef = 413426231D27C5AF0048BB35 /* City.swift */; };
		413426381D27C5AF0048BB35 /* Suite+CoreDataProperties.swift in Sources */ = {isa = PBXBuildFile; fileRef = 413426241D27C5AF0048BB35 /* Suite+CoreDataProperties.swift */; };
		413426391D27C5AF0048BB35 /* Suite.swift in Sources */ = {isa = PBXBuildFile; fileRef = 413426251D27C5AF0048BB35 /* Suite.swift */; };
		4134263A1D27C5AF0048BB35 /* User+CoreDataProperties.swift in Sources */ = {isa = PBXBuildFile; fileRef = 413426261D27C5AF0048BB35 /* User+CoreDataProperties.swift */; };
		4134263B1D27C5AF0048BB35 /* User.swift in Sources */ = {isa = PBXBuildFile; fileRef = 413426271D27C5AF0048BB35 /* User.swift */; };
		4134263D1D27D9A80048BB35 /* JsonDownloader.swift in Sources */ = {isa = PBXBuildFile; fileRef = 4134263C1D27D9A80048BB35 /* JsonDownloader.swift */; };
		41FCF19B1D28285F00C4B536 /* DataController+UserRemoteInit.swift in Sources */ = {isa = PBXBuildFile; fileRef = 41FCF19A1D28285F00C4B536 /* DataController+UserRemoteInit.swift */; };
		41FCF19F1D282BE100C4B536 /* User+initialization.swift in Sources */ = {isa = PBXBuildFile; fileRef = 41FCF19E1D282BE100C4B536 /* User+initialization.swift */; };
		41FCF1A11D28328E00C4B536 /* AdressInitialization.swift in Sources */ = {isa = PBXBuildFile; fileRef = 41FCF1A01D28328E00C4B536 /* AdressInitialization.swift */; };
		41FCF1A31D283B8000C4B536 /* Company+Init.swift in Sources */ = {isa = PBXBuildFile; fileRef = 41FCF1A21D283B8000C4B536 /* Company+Init.swift */; };
		41FCF1A51D28649E00C4B536 /* Website+Init.swift in Sources */ = {isa = PBXBuildFile; fileRef = 41FCF1A41D28649E00C4B536 /* Website+Init.swift */; };
		41FCF1A71D28F9BD00C4B536 /* Post+initialization.swift in Sources */ = {isa = PBXBuildFile; fileRef = 41FCF1A61D28F9BD00C4B536 /* Post+initialization.swift */; };
		41FCF1A91D28FD7A00C4B536 /* DataController+PostRemoteInit.swift in Sources */ = {isa = PBXBuildFile; fileRef = 41FCF1A81D28FD7A00C4B536 /* DataController+PostRemoteInit.swift */; };
		41FCF1AB1D28FDB500C4B536 /* DataController+AlbumRemoteInit.swift in Sources */ = {isa = PBXBuildFile; fileRef = 41FCF1AA1D28FDB500C4B536 /* DataController+AlbumRemoteInit.swift */; };
		41FCF1AD1D28FDF100C4B536 /* Album+Initialization.swift in Sources */ = {isa = PBXBuildFile; fileRef = 41FCF1AC1D28FDF100C4B536 /* Album+Initialization.swift */; };
		41FCF1AF1D28FF9F00C4B536 /* Photo+Initialization.swift in Sources */ = {isa = PBXBuildFile; fileRef = 41FCF1AE1D28FF9F00C4B536 /* Photo+Initialization.swift */; };
		41FCF1B11D29050400C4B536 /* DataController+PhotoRemoteInit.swift in Sources */ = {isa = PBXBuildFile; fileRef = 41FCF1B01D29050400C4B536 /* DataController+PhotoRemoteInit.swift */; };
		41FCF1B31D290D4200C4B536 /* MasterViewCell.swift in Sources */ = {isa = PBXBuildFile; fileRef = 41FCF1B21D290D4200C4B536 /* MasterViewCell.swift */; };
		41FCF1B51D29327B00C4B536 /* CollectionHeaderView.swift in Sources */ = {isa = PBXBuildFile; fileRef = 41FCF1B41D29327B00C4B536 /* CollectionHeaderView.swift */; };
		41FCF1B71D29378B00C4B536 /* PhotoCollectionCell.swift in Sources */ = {isa = PBXBuildFile; fileRef = 41FCF1B61D29378B00C4B536 /* PhotoCollectionCell.swift */; };
		41FCF1B91D293F5F00C4B536 /* ImageDownloader.swift in Sources */ = {isa = PBXBuildFile; fileRef = 41FCF1B81D293F5F00C4B536 /* ImageDownloader.swift */; };
/* End PBXBuildFile section */

/* Begin PBXFileReference section */
		32108205EEF04935CA0F3739 /* Pods-Sherpany.debug.xcconfig */ = {isa = PBXFileReference; includeInIndex = 1; lastKnownFileType = text.xcconfig; name = "Pods-Sherpany.debug.xcconfig"; path = "Pods/Target Support Files/Pods-Sherpany/Pods-Sherpany.debug.xcconfig"; sourceTree = "<group>"; };
		413425861D279BCF0048BB35 /* Sherpany.app */ = {isa = PBXFileReference; explicitFileType = wrapper.application; includeInIndex = 0; path = Sherpany.app; sourceTree = BUILT_PRODUCTS_DIR; };
		413425891D279BCF0048BB35 /* AppDelegate.swift */ = {isa = PBXFileReference; lastKnownFileType = sourcecode.swift; path = AppDelegate.swift; sourceTree = "<group>"; };
		4134258C1D279BCF0048BB35 /* Sherpany.xcdatamodel */ = {isa = PBXFileReference; lastKnownFileType = wrapper.xcdatamodel; path = Sherpany.xcdatamodel; sourceTree = "<group>"; };
		4134258E1D279BCF0048BB35 /* MasterViewController.swift */ = {isa = PBXFileReference; lastKnownFileType = sourcecode.swift; path = MasterViewController.swift; sourceTree = "<group>"; };
		413425901D279BCF0048BB35 /* DetailViewController.swift */ = {isa = PBXFileReference; lastKnownFileType = sourcecode.swift; path = DetailViewController.swift; sourceTree = "<group>"; };
		413425931D279BCF0048BB35 /* Base */ = {isa = PBXFileReference; lastKnownFileType = file.storyboard; name = Base; path = Base.lproj/Main.storyboard; sourceTree = "<group>"; };
		413425951D279BCF0048BB35 /* Assets.xcassets */ = {isa = PBXFileReference; lastKnownFileType = folder.assetcatalog; path = Assets.xcassets; sourceTree = "<group>"; };
		413425981D279BCF0048BB35 /* Base */ = {isa = PBXFileReference; lastKnownFileType = file.storyboard; name = Base; path = Base.lproj/LaunchScreen.storyboard; sourceTree = "<group>"; };
		4134259A1D279BCF0048BB35 /* Info.plist */ = {isa = PBXFileReference; lastKnownFileType = text.plist.xml; path = Info.plist; sourceTree = "<group>"; };
		413426101D27C03B0048BB35 /* DataController.swift */ = {isa = PBXFileReference; fileEncoding = 4; lastKnownFileType = sourcecode.swift; name = DataController.swift; path = Classes/CoreData/DataController.swift; sourceTree = "<group>"; };
		413426141D27C5AF0048BB35 /* Post+CoreDataProperties.swift */ = {isa = PBXFileReference; fileEncoding = 4; lastKnownFileType = sourcecode.swift; name = "Post+CoreDataProperties.swift"; path = "Classes/CoreData/Model/Post+CoreDataProperties.swift"; sourceTree = "<group>"; };
		413426151D27C5AF0048BB35 /* Post.swift */ = {isa = PBXFileReference; fileEncoding = 4; lastKnownFileType = sourcecode.swift; name = Post.swift; path = Classes/CoreData/Model/Post.swift; sourceTree = "<group>"; };
		413426161D27C5AF0048BB35 /* Zip+CoreDataProperties.swift */ = {isa = PBXFileReference; fileEncoding = 4; lastKnownFileType = sourcecode.swift; name = "Zip+CoreDataProperties.swift"; path = "Classes/CoreData/Model/Zip+CoreDataProperties.swift"; sourceTree = "<group>"; };
		413426171D27C5AF0048BB35 /* Zip.swift */ = {isa = PBXFileReference; fileEncoding = 4; lastKnownFileType = sourcecode.swift; name = Zip.swift; path = Classes/CoreData/Model/Zip.swift; sourceTree = "<group>"; };
		413426181D27C5AF0048BB35 /* Adress+CoreDataProperties.swift */ = {isa = PBXFileReference; fileEncoding = 4; lastKnownFileType = sourcecode.swift; name = "Adress+CoreDataProperties.swift"; path = "Classes/CoreData/Model/Adress+CoreDataProperties.swift"; sourceTree = "<group>"; };
		413426191D27C5AF0048BB35 /* Adress.swift */ = {isa = PBXFileReference; fileEncoding = 4; lastKnownFileType = sourcecode.swift; name = Adress.swift; path = Classes/CoreData/Model/Adress.swift; sourceTree = "<group>"; };
		4134261A1D27C5AF0048BB35 /* Website+CoreDataProperties.swift */ = {isa = PBXFileReference; fileEncoding = 4; lastKnownFileType = sourcecode.swift; name = "Website+CoreDataProperties.swift"; path = "Classes/CoreData/Model/Website+CoreDataProperties.swift"; sourceTree = "<group>"; };
		4134261B1D27C5AF0048BB35 /* Website.swift */ = {isa = PBXFileReference; fileEncoding = 4; lastKnownFileType = sourcecode.swift; name = Website.swift; path = Classes/CoreData/Model/Website.swift; sourceTree = "<group>"; };
		4134261C1D27C5AF0048BB35 /* Photo+CoreDataProperties.swift */ = {isa = PBXFileReference; fileEncoding = 4; lastKnownFileType = sourcecode.swift; name = "Photo+CoreDataProperties.swift"; path = "Classes/CoreData/Model/Photo+CoreDataProperties.swift"; sourceTree = "<group>"; };
		4134261D1D27C5AF0048BB35 /* Photo.swift */ = {isa = PBXFileReference; fileEncoding = 4; lastKnownFileType = sourcecode.swift; name = Photo.swift; path = Classes/CoreData/Model/Photo.swift; sourceTree = "<group>"; };
		4134261E1D27C5AF0048BB35 /* Company+CoreDataProperties.swift */ = {isa = PBXFileReference; fileEncoding = 4; lastKnownFileType = sourcecode.swift; name = "Company+CoreDataProperties.swift"; path = "Classes/CoreData/Model/Company+CoreDataProperties.swift"; sourceTree = "<group>"; };
		4134261F1D27C5AF0048BB35 /* Company.swift */ = {isa = PBXFileReference; fileEncoding = 4; lastKnownFileType = sourcecode.swift; name = Company.swift; path = Classes/CoreData/Model/Company.swift; sourceTree = "<group>"; };
		413426201D27C5AF0048BB35 /* Album+CoreDataProperties.swift */ = {isa = PBXFileReference; fileEncoding = 4; lastKnownFileType = sourcecode.swift; name = "Album+CoreDataProperties.swift"; path = "Classes/CoreData/Model/Album+CoreDataProperties.swift"; sourceTree = "<group>"; };
		413426211D27C5AF0048BB35 /* Album.swift */ = {isa = PBXFileReference; fileEncoding = 4; lastKnownFileType = sourcecode.swift; name = Album.swift; path = Classes/CoreData/Model/Album.swift; sourceTree = "<group>"; };
		413426221D27C5AF0048BB35 /* City+CoreDataProperties.swift */ = {isa = PBXFileReference; fileEncoding = 4; lastKnownFileType = sourcecode.swift; name = "City+CoreDataProperties.swift"; path = "Classes/CoreData/Model/City+CoreDataProperties.swift"; sourceTree = "<group>"; };
		413426231D27C5AF0048BB35 /* City.swift */ = {isa = PBXFileReference; fileEncoding = 4; lastKnownFileType = sourcecode.swift; name = City.swift; path = Classes/CoreData/Model/City.swift; sourceTree = "<group>"; };
		413426241D27C5AF0048BB35 /* Suite+CoreDataProperties.swift */ = {isa = PBXFileReference; fileEncoding = 4; lastKnownFileType = sourcecode.swift; name = "Suite+CoreDataProperties.swift"; path = "Classes/CoreData/Model/Suite+CoreDataProperties.swift"; sourceTree = "<group>"; };
		413426251D27C5AF0048BB35 /* Suite.swift */ = {isa = PBXFileReference; fileEncoding = 4; lastKnownFileType = sourcecode.swift; name = Suite.swift; path = Classes/CoreData/Model/Suite.swift; sourceTree = "<group>"; };
		413426261D27C5AF0048BB35 /* User+CoreDataProperties.swift */ = {isa = PBXFileReference; fileEncoding = 4; lastKnownFileType = sourcecode.swift; name = "User+CoreDataProperties.swift"; path = "Classes/CoreData/Model/User+CoreDataProperties.swift"; sourceTree = "<group>"; };
		413426271D27C5AF0048BB35 /* User.swift */ = {isa = PBXFileReference; fileEncoding = 4; lastKnownFileType = sourcecode.swift; name = User.swift; path = Classes/CoreData/Model/User.swift; sourceTree = "<group>"; };
		4134263C1D27D9A80048BB35 /* JsonDownloader.swift */ = {isa = PBXFileReference; fileEncoding = 4; lastKnownFileType = sourcecode.swift; name = JsonDownloader.swift; path = Classes/CoreData/JsonDownloader.swift; sourceTree = "<group>"; };
		41FCF19A1D28285F00C4B536 /* DataController+UserRemoteInit.swift */ = {isa = PBXFileReference; fileEncoding = 4; lastKnownFileType = sourcecode.swift; name = "DataController+UserRemoteInit.swift"; path = "Classes/CoreData/DataController+UserRemoteInit.swift"; sourceTree = "<group>"; };
		41FCF19E1D282BE100C4B536 /* User+initialization.swift */ = {isa = PBXFileReference; fileEncoding = 4; lastKnownFileType = sourcecode.swift; name = "User+initialization.swift"; path = "Classes/CoreData/Model/User+initialization.swift"; sourceTree = "<group>"; };
		41FCF1A01D28328E00C4B536 /* AdressInitialization.swift */ = {isa = PBXFileReference; fileEncoding = 4; lastKnownFileType = sourcecode.swift; name = AdressInitialization.swift; path = Classes/CoreData/Model/AdressInitialization.swift; sourceTree = "<group>"; };
		41FCF1A21D283B8000C4B536 /* Company+Init.swift */ = {isa = PBXFileReference; fileEncoding = 4; lastKnownFileType = sourcecode.swift; name = "Company+Init.swift"; path = "Classes/CoreData/Model/Company+Init.swift"; sourceTree = "<group>"; };
		41FCF1A41D28649E00C4B536 /* Website+Init.swift */ = {isa = PBXFileReference; fileEncoding = 4; lastKnownFileType = sourcecode.swift; name = "Website+Init.swift"; path = "Classes/CoreData/Model/Website+Init.swift"; sourceTree = "<group>"; };
		41FCF1A61D28F9BD00C4B536 /* Post+initialization.swift */ = {isa = PBXFileReference; fileEncoding = 4; lastKnownFileType = sourcecode.swift; name = "Post+initialization.swift"; path = "Classes/CoreData/Model/Post+initialization.swift"; sourceTree = "<group>"; };
		41FCF1A81D28FD7A00C4B536 /* DataController+PostRemoteInit.swift */ = {isa = PBXFileReference; fileEncoding = 4; lastKnownFileType = sourcecode.swift; name = "DataController+PostRemoteInit.swift"; path = "Classes/CoreData/DataController+PostRemoteInit.swift"; sourceTree = "<group>"; };
		41FCF1AA1D28FDB500C4B536 /* DataController+AlbumRemoteInit.swift */ = {isa = PBXFileReference; fileEncoding = 4; lastKnownFileType = sourcecode.swift; name = "DataController+AlbumRemoteInit.swift"; path = "Classes/CoreData/DataController+AlbumRemoteInit.swift"; sourceTree = "<group>"; };
		41FCF1AC1D28FDF100C4B536 /* Album+Initialization.swift */ = {isa = PBXFileReference; fileEncoding = 4; lastKnownFileType = sourcecode.swift; name = "Album+Initialization.swift"; path = "Classes/CoreData/Model/Album+Initialization.swift"; sourceTree = "<group>"; };
		41FCF1AE1D28FF9F00C4B536 /* Photo+Initialization.swift */ = {isa = PBXFileReference; fileEncoding = 4; lastKnownFileType = sourcecode.swift; name = "Photo+Initialization.swift"; path = "Classes/CoreData/Model/Photo+Initialization.swift"; sourceTree = "<group>"; };
		41FCF1B01D29050400C4B536 /* DataController+PhotoRemoteInit.swift */ = {isa = PBXFileReference; fileEncoding = 4; lastKnownFileType = sourcecode.swift; name = "DataController+PhotoRemoteInit.swift"; path = "Classes/CoreData/DataController+PhotoRemoteInit.swift"; sourceTree = "<group>"; };
		41FCF1B21D290D4200C4B536 /* MasterViewCell.swift */ = {isa = PBXFileReference; fileEncoding = 4; lastKnownFileType = sourcecode.swift; name = MasterViewCell.swift; path = Classes/MasterViewCell.swift; sourceTree = "<group>"; };
		41FCF1B41D29327B00C4B536 /* CollectionHeaderView.swift */ = {isa = PBXFileReference; fileEncoding = 4; lastKnownFileType = sourcecode.swift; name = CollectionHeaderView.swift; path = Classes/CollectionHeaderView.swift; sourceTree = "<group>"; };
		41FCF1B61D29378B00C4B536 /* PhotoCollectionCell.swift */ = {isa = PBXFileReference; fileEncoding = 4; lastKnownFileType = sourcecode.swift; name = PhotoCollectionCell.swift; path = Classes/PhotoCollectionCell.swift; sourceTree = "<group>"; };
		41FCF1B81D293F5F00C4B536 /* ImageDownloader.swift */ = {isa = PBXFileReference; fileEncoding = 4; lastKnownFileType = sourcecode.swift; name = ImageDownloader.swift; path = Classes/ImageDownloader.swift; sourceTree = "<group>"; };
		482ECFCD22E6A0226B7CAB4C /* Pods_Sherpany.framework */ = {isa = PBXFileReference; explicitFileType = wrapper.framework; includeInIndex = 0; path = Pods_Sherpany.framework; sourceTree = BUILT_PRODUCTS_DIR; };
		E4223ED9A86F867DF0E8EC0B /* Pods-Sherpany.release.xcconfig */ = {isa = PBXFileReference; includeInIndex = 1; lastKnownFileType = text.xcconfig; name = "Pods-Sherpany.release.xcconfig"; path = "Pods/Target Support Files/Pods-Sherpany/Pods-Sherpany.release.xcconfig"; sourceTree = "<group>"; };
/* End PBXFileReference section */

/* Begin PBXFrameworksBuildPhase section */
		413425831D279BCF0048BB35 /* Frameworks */ = {
			isa = PBXFrameworksBuildPhase;
			buildActionMask = 2147483647;
			files = (
				1D8CF22398BCCBB1B11DBB9B /* Pods_Sherpany.framework in Frameworks */,
			);
			runOnlyForDeploymentPostprocessing = 0;
		};
/* End PBXFrameworksBuildPhase section */

/* Begin PBXGroup section */
		0A21C840926256AA69E21746 /* Pods */ = {
			isa = PBXGroup;
			children = (
				32108205EEF04935CA0F3739 /* Pods-Sherpany.debug.xcconfig */,
				E4223ED9A86F867DF0E8EC0B /* Pods-Sherpany.release.xcconfig */,
			);
			name = Pods;
			sourceTree = "<group>";
		};
		4134257D1D279BCF0048BB35 = {
			isa = PBXGroup;
			children = (
				413425881D279BCF0048BB35 /* Sherpany */,
				413425871D279BCF0048BB35 /* Products */,
				0A21C840926256AA69E21746 /* Pods */,
				A1E695DA0629DDD803CEFFD1 /* Frameworks */,
			);
			sourceTree = "<group>";
		};
		413425871D279BCF0048BB35 /* Products */ = {
			isa = PBXGroup;
			children = (
				413425861D279BCF0048BB35 /* Sherpany.app */,
			);
			name = Products;
			sourceTree = "<group>";
		};
		413425881D279BCF0048BB35 /* Sherpany */ = {
			isa = PBXGroup;
			children = (
				413426121D27C5990048BB35 /* CoreData */,
				413425891D279BCF0048BB35 /* AppDelegate.swift */,
				4134258E1D279BCF0048BB35 /* MasterViewController.swift */,
				41FCF1B21D290D4200C4B536 /* MasterViewCell.swift */,
				413425901D279BCF0048BB35 /* DetailViewController.swift */,
				41FCF1B41D29327B00C4B536 /* CollectionHeaderView.swift */,
				41FCF1B61D29378B00C4B536 /* PhotoCollectionCell.swift */,
				413425921D279BCF0048BB35 /* Main.storyboard */,
				413425951D279BCF0048BB35 /* Assets.xcassets */,
				413425971D279BCF0048BB35 /* LaunchScreen.storyboard */,
				4134259A1D279BCF0048BB35 /* Info.plist */,
				4134258B1D279BCF0048BB35 /* Sherpany.xcdatamodeld */,
				4134263C1D27D9A80048BB35 /* JsonDownloader.swift */,
				41FCF1B81D293F5F00C4B536 /* ImageDownloader.swift */,
			);
			path = Sherpany;
			sourceTree = "<group>";
		};
		413426121D27C5990048BB35 /* CoreData */ = {
			isa = PBXGroup;
			children = (
				413426131D27C5A40048BB35 /* Model */,
				413426101D27C03B0048BB35 /* DataController.swift */,
				41FCF19A1D28285F00C4B536 /* DataController+UserRemoteInit.swift */,
				41FCF1A81D28FD7A00C4B536 /* DataController+PostRemoteInit.swift */,
				41FCF1AA1D28FDB500C4B536 /* DataController+AlbumRemoteInit.swift */,
				41FCF1B01D29050400C4B536 /* DataController+PhotoRemoteInit.swift */,
			);
			name = CoreData;
			sourceTree = "<group>";
		};
		413426131D27C5A40048BB35 /* Model */ = {
			isa = PBXGroup;
			children = (
				41FCF19D1D282BBB00C4B536 /* intitialize */,
				41FCF19C1D282BAF00C4B536 /* properties */,
				413426151D27C5AF0048BB35 /* Post.swift */,
				413426171D27C5AF0048BB35 /* Zip.swift */,
				413426191D27C5AF0048BB35 /* Adress.swift */,
				4134261B1D27C5AF0048BB35 /* Website.swift */,
				4134261D1D27C5AF0048BB35 /* Photo.swift */,
				4134261F1D27C5AF0048BB35 /* Company.swift */,
				413426211D27C5AF0048BB35 /* Album.swift */,
				413426231D27C5AF0048BB35 /* City.swift */,
				413426251D27C5AF0048BB35 /* Suite.swift */,
				413426271D27C5AF0048BB35 /* User.swift */,
			);
			name = Model;
			sourceTree = "<group>";
		};
		41FCF19C1D282BAF00C4B536 /* properties */ = {
			isa = PBXGroup;
			children = (
				413426141D27C5AF0048BB35 /* Post+CoreDataProperties.swift */,
				413426161D27C5AF0048BB35 /* Zip+CoreDataProperties.swift */,
				413426181D27C5AF0048BB35 /* Adress+CoreDataProperties.swift */,
				4134261A1D27C5AF0048BB35 /* Website+CoreDataProperties.swift */,
				4134261C1D27C5AF0048BB35 /* Photo+CoreDataProperties.swift */,
				4134261E1D27C5AF0048BB35 /* Company+CoreDataProperties.swift */,
				413426201D27C5AF0048BB35 /* Album+CoreDataProperties.swift */,
				413426221D27C5AF0048BB35 /* City+CoreDataProperties.swift */,
				413426241D27C5AF0048BB35 /* Suite+CoreDataProperties.swift */,
				413426261D27C5AF0048BB35 /* User+CoreDataProperties.swift */,
			);
			name = properties;
			sourceTree = "<group>";
		};
		41FCF19D1D282BBB00C4B536 /* intitialize */ = {
			isa = PBXGroup;
			children = (
				41FCF19E1D282BE100C4B536 /* User+initialization.swift */,
				41FCF1A01D28328E00C4B536 /* AdressInitialization.swift */,
				41FCF1A21D283B8000C4B536 /* Company+Init.swift */,
				41FCF1A41D28649E00C4B536 /* Website+Init.swift */,
				41FCF1A61D28F9BD00C4B536 /* Post+initialization.swift */,
				41FCF1AC1D28FDF100C4B536 /* Album+Initialization.swift */,
				41FCF1AE1D28FF9F00C4B536 /* Photo+Initialization.swift */,
			);
			name = intitialize;
			sourceTree = "<group>";
		};
		A1E695DA0629DDD803CEFFD1 /* Frameworks */ = {
			isa = PBXGroup;
			children = (
				482ECFCD22E6A0226B7CAB4C /* Pods_Sherpany.framework */,
			);
			name = Frameworks;
			sourceTree = "<group>";
		};
/* End PBXGroup section */

/* Begin PBXNativeTarget section */
		413425851D279BCF0048BB35 /* Sherpany */ = {
			isa = PBXNativeTarget;
			buildConfigurationList = 4134259D1D279BCF0048BB35 /* Build configuration list for PBXNativeTarget "Sherpany" */;
			buildPhases = (
				4618E1BC11B969BAF8C4B746 /* [CP] Check Pods Manifest.lock */,
				413425821D279BCF0048BB35 /* Sources */,
				413425831D279BCF0048BB35 /* Frameworks */,
				413425841D279BCF0048BB35 /* Resources */,
				289079E2FE1F61B948F724C2 /* [CP] Embed Pods Frameworks */,
				65D8700216ECCAA92EE507D1 /* [CP] Copy Pods Resources */,
			);
			buildRules = (
			);
			dependencies = (
			);
			name = Sherpany;
			productName = Sherpany;
			productReference = 413425861D279BCF0048BB35 /* Sherpany.app */;
			productType = "com.apple.product-type.application";
		};
/* End PBXNativeTarget section */

/* Begin PBXProject section */
		4134257E1D279BCF0048BB35 /* Project object */ = {
			isa = PBXProject;
			attributes = {
				LastSwiftUpdateCheck = 0720;
				LastUpgradeCheck = 0720;
				ORGANIZATIONNAME = rvi;
				TargetAttributes = {
					413425851D279BCF0048BB35 = {
						CreatedOnToolsVersion = 7.2.1;
					};
				};
			};
			buildConfigurationList = 413425811D279BCF0048BB35 /* Build configuration list for PBXProject "Sherpany" */;
			compatibilityVersion = "Xcode 3.2";
			developmentRegion = English;
			hasScannedForEncodings = 0;
			knownRegions = (
				en,
				Base,
			);
			mainGroup = 4134257D1D279BCF0048BB35;
			productRefGroup = 413425871D279BCF0048BB35 /* Products */;
			projectDirPath = "";
			projectRoot = "";
			targets = (
				413425851D279BCF0048BB35 /* Sherpany */,
			);
		};
/* End PBXProject section */

/* Begin PBXResourcesBuildPhase section */
		413425841D279BCF0048BB35 /* Resources */ = {
			isa = PBXResourcesBuildPhase;
			buildActionMask = 2147483647;
			files = (
				413425991D279BCF0048BB35 /* LaunchScreen.storyboard in Resources */,
				413425961D279BCF0048BB35 /* Assets.xcassets in Resources */,
				413425941D279BCF0048BB35 /* Main.storyboard in Resources */,
			);
			runOnlyForDeploymentPostprocessing = 0;
		};
/* End PBXResourcesBuildPhase section */

/* Begin PBXShellScriptBuildPhase section */
		289079E2FE1F61B948F724C2 /* [CP] Embed Pods Frameworks */ = {
			isa = PBXShellScriptBuildPhase;
			buildActionMask = 2147483647;
			files = (
			);
			inputPaths = (
			);
			name = "[CP] Embed Pods Frameworks";
			outputPaths = (
			);
			runOnlyForDeploymentPostprocessing = 0;
			shellPath = /bin/sh;
			shellScript = "\"${SRCROOT}/Pods/Target Support Files/Pods-Sherpany/Pods-Sherpany-frameworks.sh\"\n";
			showEnvVarsInLog = 0;
		};
		4618E1BC11B969BAF8C4B746 /* [CP] Check Pods Manifest.lock */ = {
			isa = PBXShellScriptBuildPhase;
			buildActionMask = 2147483647;
			files = (
			);
			inputPaths = (
			);
			name = "[CP] Check Pods Manifest.lock";
			outputPaths = (
			);
			runOnlyForDeploymentPostprocessing = 0;
			shellPath = /bin/sh;
			shellScript = "diff \"${PODS_ROOT}/../Podfile.lock\" \"${PODS_ROOT}/Manifest.lock\" > /dev/null\nif [[ $? != 0 ]] ; then\n    cat << EOM\nerror: The sandbox is not in sync with the Podfile.lock. Run 'pod install' or update your CocoaPods installation.\nEOM\n    exit 1\nfi\n";
			showEnvVarsInLog = 0;
		};
		65D8700216ECCAA92EE507D1 /* [CP] Copy Pods Resources */ = {
			isa = PBXShellScriptBuildPhase;
			buildActionMask = 2147483647;
			files = (
			);
			inputPaths = (
			);
			name = "[CP] Copy Pods Resources";
			outputPaths = (
			);
			runOnlyForDeploymentPostprocessing = 0;
			shellPath = /bin/sh;
			shellScript = "\"${SRCROOT}/Pods/Target Support Files/Pods-Sherpany/Pods-Sherpany-resources.sh\"\n";
			showEnvVarsInLog = 0;
		};
/* End PBXShellScriptBuildPhase section */

/* Begin PBXSourcesBuildPhase section */
		413425821D279BCF0048BB35 /* Sources */ = {
			isa = PBXSourcesBuildPhase;
			buildActionMask = 2147483647;
			files = (
				413426361D27C5AF0048BB35 /* City+CoreDataProperties.swift in Sources */,
				413426301D27C5AF0048BB35 /* Photo+CoreDataProperties.swift in Sources */,
				4134263A1D27C5AF0048BB35 /* User+CoreDataProperties.swift in Sources */,
				41FCF1AB1D28FDB500C4B536 /* DataController+AlbumRemoteInit.swift in Sources */,
				4134263B1D27C5AF0048BB35 /* User.swift in Sources */,
				413426111D27C03B0048BB35 /* DataController.swift in Sources */,
				413426351D27C5AF0048BB35 /* Album.swift in Sources */,
				41FCF19B1D28285F00C4B536 /* DataController+UserRemoteInit.swift in Sources */,
				4134258A1D279BCF0048BB35 /* AppDelegate.swift in Sources */,
				4134258D1D279BCF0048BB35 /* Sherpany.xcdatamodeld in Sources */,
				41FCF1A91D28FD7A00C4B536 /* DataController+PostRemoteInit.swift in Sources */,
				41FCF1A11D28328E00C4B536 /* AdressInitialization.swift in Sources */,
				4134258F1D279BCF0048BB35 /* MasterViewController.swift in Sources */,
				413425911D279BCF0048BB35 /* DetailViewController.swift in Sources */,
				4134262C1D27C5AF0048BB35 /* Adress+CoreDataProperties.swift in Sources */,
				41FCF1B91D293F5F00C4B536 /* ImageDownloader.swift in Sources */,
				41FCF1A71D28F9BD00C4B536 /* Post+initialization.swift in Sources */,
				4134262E1D27C5AF0048BB35 /* Website+CoreDataProperties.swift in Sources */,
				4134262B1D27C5AF0048BB35 /* Zip.swift in Sources */,
				41FCF1B31D290D4200C4B536 /* MasterViewCell.swift in Sources */,
				413426311D27C5AF0048BB35 /* Photo.swift in Sources */,
				41FCF1A51D28649E00C4B536 /* Website+Init.swift in Sources */,
				413426321D27C5AF0048BB35 /* Company+CoreDataProperties.swift in Sources */,
				4134262A1D27C5AF0048BB35 /* Zip+CoreDataProperties.swift in Sources */,
				41FCF1AF1D28FF9F00C4B536 /* Photo+Initialization.swift in Sources */,
				413426331D27C5AF0048BB35 /* Company.swift in Sources */,
				4134262D1D27C5AF0048BB35 /* Adress.swift in Sources */,
				413426291D27C5AF0048BB35 /* Post.swift in Sources */,
				41FCF1B11D29050400C4B536 /* DataController+PhotoRemoteInit.swift in Sources */,
				413426391D27C5AF0048BB35 /* Suite.swift in Sources */,
				4134263D1D27D9A80048BB35 /* JsonDownloader.swift in Sources */,
				41FCF19F1D282BE100C4B536 /* User+initialization.swift in Sources */,
				413426341D27C5AF0048BB35 /* Album+CoreDataProperties.swift in Sources */,
				41FCF1AD1D28FDF100C4B536 /* Album+Initialization.swift in Sources */,
				41FCF1B51D29327B00C4B536 /* CollectionHeaderView.swift in Sources */,
				41FCF1B71D29378B00C4B536 /* PhotoCollectionCell.swift in Sources */,
				41FCF1A31D283B8000C4B536 /* Company+Init.swift in Sources */,
				413426381D27C5AF0048BB35 /* Suite+CoreDataProperties.swift in Sources */,
				413426281D27C5AF0048BB35 /* Post+CoreDataProperties.swift in Sources */,
				4134262F1D27C5AF0048BB35 /* Website.swift in Sources */,
				413426371D27C5AF0048BB35 /* City.swift in Sources */,
			);
			runOnlyForDeploymentPostprocessing = 0;
		};
/* End PBXSourcesBuildPhase section */

/* Begin PBXVariantGroup section */
		413425921D279BCF0048BB35 /* Main.storyboard */ = {
			isa = PBXVariantGroup;
			children = (
				413425931D279BCF0048BB35 /* Base */,
			);
			name = Main.storyboard;
			sourceTree = "<group>";
		};
		413425971D279BCF0048BB35 /* LaunchScreen.storyboard */ = {
			isa = PBXVariantGroup;
			children = (
				413425981D279BCF0048BB35 /* Base */,
			);
			name = LaunchScreen.storyboard;
			sourceTree = "<group>";
		};
/* End PBXVariantGroup section */

/* Begin XCBuildConfiguration section */
		4134259B1D279BCF0048BB35 /* Debug */ = {
			isa = XCBuildConfiguration;
			buildSettings = {
				ALWAYS_SEARCH_USER_PATHS = NO;
				CLANG_CXX_LANGUAGE_STANDARD = "gnu++0x";
				CLANG_CXX_LIBRARY = "libc++";
				CLANG_ENABLE_MODULES = YES;
				CLANG_ENABLE_OBJC_ARC = YES;
				CLANG_WARN_BOOL_CONVERSION = YES;
				CLANG_WARN_CONSTANT_CONVERSION = YES;
				CLANG_WARN_DIRECT_OBJC_ISA_USAGE = YES_ERROR;
				CLANG_WARN_EMPTY_BODY = YES;
				CLANG_WARN_ENUM_CONVERSION = YES;
				CLANG_WARN_INT_CONVERSION = YES;
				CLANG_WARN_OBJC_ROOT_CLASS = YES_ERROR;
				CLANG_WARN_UNREACHABLE_CODE = YES;
				CLANG_WARN__DUPLICATE_METHOD_MATCH = YES;
				"CODE_SIGN_IDENTITY[sdk=iphoneos*]" = "iPhone Developer";
				COPY_PHASE_STRIP = NO;
				DEBUG_INFORMATION_FORMAT = dwarf;
				ENABLE_STRICT_OBJC_MSGSEND = YES;
				ENABLE_TESTABILITY = YES;
				GCC_C_LANGUAGE_STANDARD = gnu99;
				GCC_DYNAMIC_NO_PIC = NO;
				GCC_NO_COMMON_BLOCKS = YES;
				GCC_OPTIMIZATION_LEVEL = 0;
				GCC_PREPROCESSOR_DEFINITIONS = (
					"DEBUG=1",
					"$(inherited)",
				);
				GCC_WARN_64_TO_32_BIT_CONVERSION = YES;
				GCC_WARN_ABOUT_RETURN_TYPE = YES_ERROR;
				GCC_WARN_UNDECLARED_SELECTOR = YES;
				GCC_WARN_UNINITIALIZED_AUTOS = YES_AGGRESSIVE;
				GCC_WARN_UNUSED_FUNCTION = YES;
				GCC_WARN_UNUSED_VARIABLE = YES;
				IPHONEOS_DEPLOYMENT_TARGET = 9.2;
				MTL_ENABLE_DEBUG_INFO = YES;
				ONLY_ACTIVE_ARCH = YES;
				SDKROOT = iphoneos;
				SWIFT_OPTIMIZATION_LEVEL = "-Onone";
				TARGETED_DEVICE_FAMILY = 2;
			};
			name = Debug;
		};
		4134259C1D279BCF0048BB35 /* Release */ = {
			isa = XCBuildConfiguration;
			buildSettings = {
				ALWAYS_SEARCH_USER_PATHS = NO;
				CLANG_CXX_LANGUAGE_STANDARD = "gnu++0x";
				CLANG_CXX_LIBRARY = "libc++";
				CLANG_ENABLE_MODULES = YES;
				CLANG_ENABLE_OBJC_ARC = YES;
				CLANG_WARN_BOOL_CONVERSION = YES;
				CLANG_WARN_CONSTANT_CONVERSION = YES;
				CLANG_WARN_DIRECT_OBJC_ISA_USAGE = YES_ERROR;
				CLANG_WARN_EMPTY_BODY = YES;
				CLANG_WARN_ENUM_CONVERSION = YES;
				CLANG_WARN_INT_CONVERSION = YES;
				CLANG_WARN_OBJC_ROOT_CLASS = YES_ERROR;
				CLANG_WARN_UNREACHABLE_CODE = YES;
				CLANG_WARN__DUPLICATE_METHOD_MATCH = YES;
				"CODE_SIGN_IDENTITY[sdk=iphoneos*]" = "iPhone Developer";
				COPY_PHASE_STRIP = NO;
				DEBUG_INFORMATION_FORMAT = "dwarf-with-dsym";
				ENABLE_NS_ASSERTIONS = NO;
				ENABLE_STRICT_OBJC_MSGSEND = YES;
				GCC_C_LANGUAGE_STANDARD = gnu99;
				GCC_NO_COMMON_BLOCKS = YES;
				GCC_WARN_64_TO_32_BIT_CONVERSION = YES;
				GCC_WARN_ABOUT_RETURN_TYPE = YES_ERROR;
				GCC_WARN_UNDECLARED_SELECTOR = YES;
				GCC_WARN_UNINITIALIZED_AUTOS = YES_AGGRESSIVE;
				GCC_WARN_UNUSED_FUNCTION = YES;
				GCC_WARN_UNUSED_VARIABLE = YES;
				IPHONEOS_DEPLOYMENT_TARGET = 9.2;
				MTL_ENABLE_DEBUG_INFO = NO;
				SDKROOT = iphoneos;
				TARGETED_DEVICE_FAMILY = 2;
				VALIDATE_PRODUCT = YES;
			};
			name = Release;
		};
		4134259E1D279BCF0048BB35 /* Debug */ = {
			isa = XCBuildConfiguration;
			baseConfigurationReference = 32108205EEF04935CA0F3739 /* Pods-Sherpany.debug.xcconfig */;
			buildSettings = {
				ASSETCATALOG_COMPILER_APPICON_NAME = AppIcon;
				INFOPLIST_FILE = Sherpany/Info.plist;
				LD_RUNPATH_SEARCH_PATHS = "$(inherited) @executable_path/Frameworks";
				PRODUCT_BUNDLE_IDENTIFIER = ch.rvi.Sherpany;
				PRODUCT_NAME = "$(TARGET_NAME)";
			};
			name = Debug;
		};
		4134259F1D279BCF0048BB35 /* Release */ = {
			isa = XCBuildConfiguration;
			baseConfigurationReference = E4223ED9A86F867DF0E8EC0B /* Pods-Sherpany.release.xcconfig */;
			buildSettings = {
				ASSETCATALOG_COMPILER_APPICON_NAME = AppIcon;
				INFOPLIST_FILE = Sherpany/Info.plist;
				LD_RUNPATH_SEARCH_PATHS = "$(inherited) @executable_path/Frameworks";
				PRODUCT_BUNDLE_IDENTIFIER = ch.rvi.Sherpany;
				PRODUCT_NAME = "$(TARGET_NAME)";
			};
			name = Release;
		};
/* End XCBuildConfiguration section */

/* Begin XCConfigurationList section */
		413425811D279BCF0048BB35 /* Build configuration list for PBXProject "Sherpany" */ = {
			isa = XCConfigurationList;
			buildConfigurations = (
				4134259B1D279BCF0048BB35 /* Debug */,
				4134259C1D279BCF0048BB35 /* Release */,
			);
			defaultConfigurationIsVisible = 0;
			defaultConfigurationName = Release;
		};
		4134259D1D279BCF0048BB35 /* Build configuration list for PBXNativeTarget "Sherpany" */ = {
			isa = XCConfigurationList;
			buildConfigurations = (
				4134259E1D279BCF0048BB35 /* Debug */,
				4134259F1D279BCF0048BB35 /* Release */,
			);
			defaultConfigurationIsVisible = 0;
			defaultConfigurationName = Release;
		};
/* End XCConfigurationList section */

/* Begin XCVersionGroup section */
		4134258B1D279BCF0048BB35 /* Sherpany.xcdatamodeld */ = {
			isa = XCVersionGroup;
			children = (
				4134258C1D279BCF0048BB35 /* Sherpany.xcdatamodel */,
			);
			currentVersion = 4134258C1D279BCF0048BB35 /* Sherpany.xcdatamodel */;
			path = Sherpany.xcdatamodeld;
			sourceTree = "<group>";
			versionGroupType = wrapper.xcdatamodel;
		};
/* End XCVersionGroup section */
	};
	rootObject = 4134257E1D279BCF0048BB35 /* Project object */;
}
